
Microsoft Visual Studio Solution File, Format Version 12.00
# Visual Studio Version 17
VisualStudioVersion = 17.9.34622.214
MinimumVisualStudioVersion = 10.0.40219.1
Project("{9A19103F-16F7-4668-BE54-9A1E7A4F7556}") = "LoanSubmission", "LoanSubmission\LoanSubmission.csproj", "{727519CC-2BF2-4F7B-9112-43102DF85845}"
EndProject
Project("{9A19103F-16F7-4668-BE54-9A1E7A4F7556}") = "LoanProcessor", "LoanProcessor\LoanProcessor.csproj", "{83E3B69F-C274-4E18-86AD-491A02424385}"
EndProject
Global
	GlobalSection(SolutionConfigurationPlatforms) = preSolution
		Debug|Any CPU = Debug|Any CPU
		Release|Any CPU = Release|Any CPU
	EndGlobalSection
	GlobalSection(ProjectConfigurationPlatforms) = postSolution
		{727519CC-2BF2-4F7B-9112-43102DF85845}.Debug|Any CPU.ActiveCfg = Debug|Any CPU
		{727519CC-2BF2-4F7B-9112-43102DF85845}.Debug|Any CPU.Build.0 = Debug|Any CPU
		{727519CC-2BF2-4F7B-9112-43102DF85845}.Release|Any CPU.ActiveCfg = Release|Any CPU
		{727519CC-2BF2-4F7B-9112-43102DF85845}.Release|Any CPU.Build.0 = Release|Any CPU
		{83E3B69F-C274-4E18-86AD-491A02424385}.Debug|Any CPU.ActiveCfg = Debug|Any CPU
		{83E3B69F-C274-4E18-86AD-491A02424385}.Debug|Any CPU.Build.0 = Debug|Any CPU
		{83E3B69F-C274-4E18-86AD-491A02424385}.Release|Any CPU.ActiveCfg = Release|Any CPU
		{83E3B69F-C274-4E18-86AD-491A02424385}.Release|Any CPU.Build.0 = Release|Any CPU
	EndGlobalSection
	GlobalSection(SolutionProperties) = preSolution
		HideSolutionNode = FALSE
	EndGlobalSection
	GlobalSection(ExtensibilityGlobals) = postSolution
		SolutionGuid = {401B9253-1B94-45F1-93C8-AB37EC0D746F}
	EndGlobalSection
EndGlobal
